
Microsoft Visual Studio Solution File, Format Version 12.00
# Visual Studio Version 17
VisualStudioVersion = 17.2.32422.2
MinimumVisualStudioVersion = 10.0.40219.1
Project("{FAE04EC0-301F-11D3-BF4B-00C04F79EFBC}") = "Bread", "Bread\Bread.csproj", "{00905326-4DBF-45B8-B62A-8480DE92E8EC}"
EndProject
Global
	GlobalSection(SolutionConfigurationPlatforms) = preSolution
		Debug|Any CPU = Debug|Any CPU
		Release|Any CPU = Release|Any CPU
	EndGlobalSection
	GlobalSection(ProjectConfigurationPlatforms) = postSolution
		{00905326-4DBF-45B8-B62A-8480DE92E8EC}.Debug|Any CPU.ActiveCfg = Debug|Any CPU
		{00905326-4DBF-45B8-B62A-8480DE92E8EC}.Debug|Any CPU.Build.0 = Debug|Any CPU
		{00905326-4DBF-45B8-B62A-8480DE92E8EC}.Release|Any CPU.ActiveCfg = Release|Any CPU
		{00905326-4DBF-45B8-B62A-8480DE92E8EC}.Release|Any CPU.Build.0 = Release|Any CPU
	EndGlobalSection
	GlobalSection(SolutionProperties) = preSolution
		HideSolutionNode = FALSE
	EndGlobalSection
	GlobalSection(ExtensibilityGlobals) = postSolution
		SolutionGuid = {FD29F15D-7644-41A9-BE85-92889D117C6B}
	EndGlobalSection
EndGlobal
